{
  "requires": true,
  "lockfileVersion": 1,
  "dependencies": {
    "codepup-frame-print": {
      "version": "1.0.0",
      "resolved": "https://registry.npmjs.org/codepup-frame-print/-/codepup-frame-print-1.0.0.tgz",
      "integrity": "sha512-aZeOumKssMnwQOGSavHJzv4Qwz5CfBhWHObtNxAUSV6bTYDiDZ1kn5UFA+bu7B0dcIO1KWM4wYOTW5Aao+RIEg=="
    }
  }
}
